
Microsoft Visual Studio Solution File, Format Version 12.00
# Visual Studio 15
VisualStudioVersion = 15.0.27130.2024
MinimumVisualStudioVersion = 10.0.40219.1
Project("{FAE04EC0-301F-11D3-BF4B-00C04F79EFBC}") = "BankTester", "BankTester\BankTester.csproj", "{77698535-94F5-4571-A795-331C88A37729}"
EndProject
Project("{FAE04EC0-301F-11D3-BF4B-00C04F79EFBC}") = "BankGrab", "BankGrab\BankGrab.csproj", "{65430952-9257-4924-BE91-FFDCB02D0878}"
EndProject
Project("{FAE04EC0-301F-11D3-BF4B-00C04F79EFBC}") = "BankUnit.Tests", "BankUnit.Tests\BankUnit.Tests.csproj", "{9DC3ADCA-0F60-42E8-B37C-90FDC6E4EAF6}"
EndProject
Global
	GlobalSection(SolutionConfigurationPlatforms) = preSolution
		Debug|Any CPU = Debug|Any CPU
		Release|Any CPU = Release|Any CPU
	EndGlobalSection
	GlobalSection(ProjectConfigurationPlatforms) = postSolution
		{77698535-94F5-4571-A795-331C88A37729}.Debug|Any CPU.ActiveCfg = Debug|Any CPU
		{77698535-94F5-4571-A795-331C88A37729}.Debug|Any CPU.Build.0 = Debug|Any CPU
		{77698535-94F5-4571-A795-331C88A37729}.Release|Any CPU.ActiveCfg = Release|Any CPU
		{77698535-94F5-4571-A795-331C88A37729}.Release|Any CPU.Build.0 = Release|Any CPU
		{65430952-9257-4924-BE91-FFDCB02D0878}.Debug|Any CPU.ActiveCfg = Debug|Any CPU
		{65430952-9257-4924-BE91-FFDCB02D0878}.Debug|Any CPU.Build.0 = Debug|Any CPU
		{65430952-9257-4924-BE91-FFDCB02D0878}.Release|Any CPU.ActiveCfg = Release|Any CPU
		{65430952-9257-4924-BE91-FFDCB02D0878}.Release|Any CPU.Build.0 = Release|Any CPU
		{9DC3ADCA-0F60-42E8-B37C-90FDC6E4EAF6}.Debug|Any CPU.ActiveCfg = Debug|Any CPU
		{9DC3ADCA-0F60-42E8-B37C-90FDC6E4EAF6}.Debug|Any CPU.Build.0 = Debug|Any CPU
		{9DC3ADCA-0F60-42E8-B37C-90FDC6E4EAF6}.Release|Any CPU.ActiveCfg = Release|Any CPU
		{9DC3ADCA-0F60-42E8-B37C-90FDC6E4EAF6}.Release|Any CPU.Build.0 = Release|Any CPU
	EndGlobalSection
	GlobalSection(SolutionProperties) = preSolution
		HideSolutionNode = FALSE
	EndGlobalSection
	GlobalSection(ExtensibilityGlobals) = postSolution
		SolutionGuid = {61847DAC-FC1F-4255-8BF7-E9DF50009B33}
	EndGlobalSection
EndGlobal
